// !$*UTF8*$!
{
	archiveVersion = 1;
	classes = {
	};
	objectVersion = 56;
	objects = {

/* Begin PBXBuildFile section */
		A1B2C3D42A00000100000001 /* ZenBarApp.swift in Sources */ = {isa = PBXBuildFile; fileRef = A1B2C3D12A00000100000001 /* ZenBarApp.swift */; };
		A1B2C3D52A00000100000001 /* StatusBarManager.swift in Sources */ = {isa = PBXBuildFile; fileRef = A1B2C3D22A00000100000001 /* StatusBarManager.swift */; };
/* End PBXBuildFile section */

/* Begin PBXFileReference section */
		A1B2C3CE2A00000100000001 /* ZenBar.app */ = {isa = PBXFileReference; explicitFileType = wrapper.application; includeInIndex = 0; path = ZenBar.app; sourceTree = BUILT_PRODUCTS_DIR; };
		A1B2C3D12A00000100000001 /* ZenBarApp.swift */ = {isa = PBXFileReference; lastKnownFileType = sourcecode.swift; path = ZenBarApp.swift; sourceTree = "<group>"; };
		A1B2C3D22A00000100000001 /* StatusBarManager.swift */ = {isa = PBXFileReference; lastKnownFileType = sourcecode.swift; path = StatusBarManager.swift; sourceTree = "<group>"; };
		A1B2C3D32A00000100000001 /* Info.plist */ = {isa = PBXFileReference; lastKnownFileType = text.plist.xml; path = Info.plist; sourceTree = "<group>"; };
/* End PBXFileReference section */

/* Begin PBXFrameworksBuildPhase section */
		A1B2C3CB2A00000100000001 /* Frameworks */ = {
			isa = PBXFrameworksBuildPhase;
			buildActionMask = 2147483647;
			files = (
			);
			runOnlyForDeploymentPostprocessing = 0;
		};
/* End PBXFrameworksBuildPhase section */

/* Begin PBXGroup section */
		A1B2C3C52A00000100000001 = {
			isa = PBXGroup;
			children = (
				A1B2C3CF2A00000100000001 /* ZenBar */,
				A1B2C3CD2A00000100000001 /* Products */,
			);
			sourceTree = "<group>";
		};
		A1B2C3CD2A00000100000001 /* Products */ = {
			isa = PBXGroup;
			children = (
				A1B2C3CE2A00000100000001 /* ZenBar.app */,
			);
			name = Products;
			sourceTree = "<group>";
		};
		A1B2C3CF2A00000100000001 /* ZenBar */ = {
			isa = PBXGroup;
			children = (
				A1B2C3D12A00000100000001 /* ZenBarApp.swift */,
				A1B2C3D22A00000100000001 /* StatusBarManager.swift */,
				A1B2C3D32A00000100000001 /* Info.plist */,
			);
			path = ZenBar;
			sourceTree = "<group>";
		};
/* End PBXGroup section */

/* Begin PBXNativeTarget section */
		A1B2C3CA2A00000100000001 /* ZenBar */ = {
			isa = PBXNativeTarget;
			buildConfigurationList = A1B2C3D92A00000100000001 /* Build configuration list for PBXNativeTarget "ZenBar" */;
			buildPhases = (
				A1B2C3C92A00000100000001 /* Sources */,
				A1B2C3CB2A00000100000001 /* Frameworks */,
				A1B2C3CC2A00000100000001 /* Resources */,
			);
			buildRules = (
			);
			dependencies = (
			);
			name = ZenBar;
			productName = ZenBar;
			productReference = A1B2C3CE2A00000100000001 /* ZenBar.app */;
			productType = "com.apple.product-type.application";
		};
/* End PBXNativeTarget section */

/* Begin PBXProject section */
		A1B2C3C62A00000100000001 /* Project object */ = {
			isa = PBXProject;
			attributes = {
				BuildIndependentTargetsInParallel = 1;
				LastSwiftUpdateCheck = 1600;
				LastUpgradeCheck = 1600;
				TargetAttributes = {
					A1B2C3CA2A00000100000001 = {
						CreatedOnToolsVersion = 16.0;
					};
				};
			};
			buildConfigurationList = A1B2C3C92B00000100000001 /* Build configuration list for PBXProject "ZenBar" */;
			compatibilityVersion = "Xcode 14.0";
			developmentRegion = en;
			hasScannedForEncodings = 0;
			knownRegions = (
				en,
				Base,
			);
			mainGroup = A1B2C3C52A00000100000001;
			productRefGroup = A1B2C3CD2A00000100000001 /* Products */;
			projectDirPath = "";
			projectRoot = "";
			targets = (
				A1B2C3CA2A00000100000001 /* ZenBar */,
			);
		};
/* End PBXProject section */

/* Begin PBXResourcesBuildPhase section */
		A1B2C3CC2A00000100000001 /* Resources */ = {
			isa = PBXResourcesBuildPhase;
			buildActionMask = 2147483647;
			files = (
			);
			runOnlyForDeploymentPostprocessing = 0;
		};
/* End PBXResourcesBuildPhase section */

/* Begin PBXSourcesBuildPhase section */
		A1B2C3C92A00000100000001 /* Sources */ = {
			isa = PBXSourcesBuildPhase;
			buildActionMask = 2147483647;
			files = (
				A1B2C3D42A00000100000001 /* ZenBarApp.swift in Sources */,
				A1B2C3D52A00000100000001 /* StatusBarManager.swift in Sources */,
			);
			runOnlyForDeploymentPostprocessing = 0;
		};
/* End PBXSourcesBuildPhase section */

/* Begin XCBuildConfiguration section */
		A1B2C3D62A00000100000001 /* Debug */ = {
			isa = XCBuildConfiguration;
			buildSettings = {
				ALWAYS_SEARCH_USER_PATHS = NO;
				CLANG_ENABLE_MODULES = YES;
				CLANG_ENABLE_OBJC_ARC = YES;
				CLANG_WARN_DOCUMENTATION_COMMENTS = YES;
				CLANG_WARN_UNGUARDED_AVAILABILITY = YES_AGGRESSIVE;
				CODE_SIGN_STYLE = Automatic;
				COPY_PHASE_STRIP = NO;
				DEBUG_INFORMATION_FORMAT = dwarf;
				ENABLE_STRICT_OBJC_MSGSEND = YES;
				GCC_C_LANGUAGE_STANDARD = gnu17;
				MACOSX_DEPLOYMENT_TARGET = 13.0;
				SDKROOT = macosx;
				SWIFT_OPTIMIZATION_LEVEL = "-Onone";
			};
			name = Debug;
		};
		A1B2C3D72A00000100000001 /* Release */ = {
			isa = XCBuildConfiguration;
			buildSettings = {
				ALWAYS_SEARCH_USER_PATHS = NO;
				CLANG_ENABLE_MODULES = YES;
				CLANG_ENABLE_OBJC_ARC = YES;
				CLANG_WARN_DOCUMENTATION_COMMENTS = YES;
				CLANG_WARN_UNGUARDED_AVAILABILITY = YES_AGGRESSIVE;
				CODE_SIGN_STYLE = Automatic;
				COPY_PHASE_STRIP = NO;
				DEBUG_INFORMATION_FORMAT = "dwarf-with-dsym";
				ENABLE_STRICT_OBJC_MSGSEND = YES;
				GCC_C_LANGUAGE_STANDARD = gnu17;
				MACOSX_DEPLOYMENT_TARGET = 13.0;
				SDKROOT = macosx;
				SWIFT_COMPILATION_MODE = wholemodule;
				SWIFT_OPTIMIZATION_LEVEL = "-O";
			};
			name = Release;
		};
		A1B2C3DA2A00000100000001 /* Debug */ = {
			isa = XCBuildConfiguration;
			buildSettings = {
				ASSETCATALOG_COMPILER_APPICON_NAME = AppIcon;
				CODE_SIGN_STYLE = Automatic;
				CURRENT_PROJECT_VERSION = 1;
				DEVELOPMENT_TEAM = "";
				GENERATE_INFOPLIST_FILE = NO;
				INFOPLIST_FILE = ZenBar/Info.plist;
				LD_RUNPATH_SEARCH_PATHS = (
					"$(inherited)",
					"@executable_path/../Frameworks",
				);
				MARKETING_VERSION = 1.0;
				PRODUCT_BUNDLE_IDENTIFIER = com.example.ZenBar;
				PRODUCT_NAME = "$(TARGET_NAME)";
				SWIFT_EMIT_LOC_STRINGS = YES;
				SWIFT_VERSION = 5.0;
			};
			name = Debug;
		};
		A1B2C3DB2A00000100000001 /* Release */ = {
			isa = XCBuildConfiguration;
			buildSettings = {
				ASSETCATALOG_COMPILER_APPICON_NAME = AppIcon;
				CODE_SIGN_STYLE = Automatic;
				CURRENT_PROJECT_VERSION = 1;
				DEVELOPMENT_TEAM = "";
				GENERATE_INFOPLIST_FILE = NO;
				INFOPLIST_FILE = ZenBar/Info.plist;
				LD_RUNPATH_SEARCH_PATHS = (
					"$(inherited)",
					"@executable_path/../Frameworks",
				);
				MARKETING_VERSION = 1.0;
				PRODUCT_BUNDLE_IDENTIFIER = com.example.ZenBar;
				PRODUCT_NAME = "$(TARGET_NAME)";
				SWIFT_EMIT_LOC_STRINGS = YES;
				SWIFT_VERSION = 5.0;
			};
			name = Release;
		};
/* End XCBuildConfiguration section */

/* Begin XCConfigurationList section */
		A1B2C3C92B00000100000001 /* Build configuration list for PBXProject "ZenBar" */ = {
			isa = XCConfigurationList;
			buildConfigurations = (
				A1B2C3D62A00000100000001 /* Debug */,
				A1B2C3D72A00000100000001 /* Release */,
			);
			defaultConfigurationIsVisible = 0;
			defaultConfigurationName = Release;
		};
		A1B2C3D92A00000100000001 /* Build configuration list for PBXNativeTarget "ZenBar" */ = {
			isa = XCConfigurationList;
			buildConfigurations = (
				A1B2C3DA2A00000100000001 /* Debug */,
				A1B2C3DB2A00000100000001 /* Release */,
			);
			defaultConfigurationIsVisible = 0;
			defaultConfigurationName = Release;
		};
/* End XCConfigurationList section */
	};
	rootObject = A1B2C3C62A00000100000001 /* Project object */;
}
